
Microsoft Visual Studio Solution File, Format Version 12.00
# Visual Studio Version 16
VisualStudioVersion = 16.0.30011.22
MinimumVisualStudioVersion = 10.0.40219.1
Project("{FAE04EC0-301F-11D3-BF4B-00C04F79EFBC}") = "WhoWantsToBeAMillionaire", "WhoWantsToBeAMillionaire\WhoWantsToBeAMillionaire.csproj", "{480C51B9-A077-4588-BAF4-B518DBF2F235}"
EndProject
Global
	GlobalSection(SolutionConfigurationPlatforms) = preSolution
		Debug|Any CPU = Debug|Any CPU
		Release|Any CPU = Release|Any CPU
	EndGlobalSection
	GlobalSection(ProjectConfigurationPlatforms) = postSolution
		{480C51B9-A077-4588-BAF4-B518DBF2F235}.Debug|Any CPU.ActiveCfg = Debug|Any CPU
		{480C51B9-A077-4588-BAF4-B518DBF2F235}.Debug|Any CPU.Build.0 = Debug|Any CPU
		{480C51B9-A077-4588-BAF4-B518DBF2F235}.Release|Any CPU.ActiveCfg = Release|Any CPU
		{480C51B9-A077-4588-BAF4-B518DBF2F235}.Release|Any CPU.Build.0 = Release|Any CPU
	EndGlobalSection
	GlobalSection(SolutionProperties) = preSolution
		HideSolutionNode = FALSE
	EndGlobalSection
	GlobalSection(ExtensibilityGlobals) = postSolution
		SolutionGuid = {B3A513B6-4C02-4847-9E49-666C8D3B0A08}
	EndGlobalSection
EndGlobal
